# THIS IS AN AUTOGENERATED FILE. DO NOT EDIT THIS FILE DIRECTLY.
# yarn lockfile v1


"@next/env@13.1.7-canary.16":
  version "13.1.7-canary.16"
  resolved "https://registry.npmjs.org/@next/env/-/env-13.1.7-canary.16.tgz"
  integrity sha512-BEQYkWMfbjE06bfZUoeboVIISYyG/PhaI0n7Wj1NqIShOCO5sOi0a84mEvOh08ia+32WKUAUZkS1zT4GwGMhTw==

"@next/swc-android-arm-eabi@13.1.7-canary.16":
  version "13.1.7-canary.16"
  resolved "https://registry.yarnpkg.com/@next/swc-android-arm-eabi/-/swc-android-arm-eabi-13.1.7-canary.16.tgz#0ce59ef52ccd40dc3d54891de7a474b61c3c5abf"
  integrity sha512-6KtGFSsaxCfZSwNAhXVDClHMj2ocVOdbN3vX1S9GDo0LzZCzxaZ0LGE6SbwBvddoHnox9o72Uu6hFG9bERcyKA==

"@next/swc-android-arm64@13.1.7-canary.16":
  version "13.1.7-canary.16"
  resolved "https://registry.yarnpkg.com/@next/swc-android-arm64/-/swc-android-arm64-13.1.7-canary.16.tgz#9994038e8fe730c826c0eb63bea14aef8b9049fc"
  integrity sha512-zJkv4r0EsQg7YwsWb61+hm8e1mttSU7t7QDhZwaU4rDW70rbqtxR5eTwjDu7mlgbrWiQNd5EDaVF/iLFhL9Kfg==

"@next/swc-darwin-arm64@13.1.7-canary.16":
  version "13.1.7-canary.16"
  resolved "https://registry.npmjs.org/@next/swc-darwin-arm64/-/swc-darwin-arm64-13.1.7-canary.16.tgz"
  integrity sha512-pzNHmZ7dYcsNTizXGRl+ZbGUPjv54zW+rf/4imJRbgxJIdrrxm/x+Lbfa8FrnKQCyRhX35/4DFJacAxdtb29/Q==

"@next/swc-darwin-x64@13.1.7-canary.16":
  version "13.1.7-canary.16"
  resolved "https://registry.yarnpkg.com/@next/swc-darwin-x64/-/swc-darwin-x64-13.1.7-canary.16.tgz#770b2a6311b42a0077f02f7e033b05c575181113"
  integrity sha512-rk2umRiUbOsujTPJLyB/sO2QBIAf0mleijQCtSHCBaOot7rnnCq0yZj0LcST1PMIn5AOmf8acpieSue/JL02sg==

"@next/swc-freebsd-x64@13.1.7-canary.16":
  version "13.1.7-canary.16"
  resolved "https://registry.yarnpkg.com/@next/swc-freebsd-x64/-/swc-freebsd-x64-13.1.7-canary.16.tgz#591112d4efde121d44bcc8aefc7e8921ca945fd6"
  integrity sha512-g2jIjZmiJns1nCHIQ2PPVfNL99I0QYB6qZ+Tf6zDqJpj2YOLbWwjungnzhCIcaDtJnV8wHbiQUxgw728HMyxHA==

"@next/swc-linux-arm-gnueabihf@13.1.7-canary.16":
  version "13.1.7-canary.16"
  resolved "https://registry.yarnpkg.com/@next/swc-linux-arm-gnueabihf/-/swc-linux-arm-gnueabihf-13.1.7-canary.16.tgz#e712f38b1218057fc0fdc30facf979dac6c0c4b8"
  integrity sha512-NRDyA5nVOLIFKVDDQBlNx39weB4U5lBDwC755JAlWhV7AIHSJRStB7baeLpyUNurLwLJVHa4r2s6Y/24Wr+K4g==

"@next/swc-linux-arm64-gnu@13.1.7-canary.16":
  version "13.1.7-canary.16"
  resolved "https://registry.yarnpkg.com/@next/swc-linux-arm64-gnu/-/swc-linux-arm64-gnu-13.1.7-canary.16.tgz#002dbee649b120feff06d932a4d36c48ad4433a3"
  integrity sha512-6/v5xfj0qR5nKg+6MG9WDz0ExPKonvkrOr+am+QlwV7WTSLiu+nSd/bqRw96AOJPDTrX3UD3ex01mbXFS+Torg==

"@next/swc-linux-arm64-musl@13.1.7-canary.16":
  version "13.1.7-canary.16"
  resolved "https://registry.yarnpkg.com/@next/swc-linux-arm64-musl/-/swc-linux-arm64-musl-13.1.7-canary.16.tgz#563b6996718c5e6e39da63f35e2434236e8787b8"
  integrity sha512-1Fw5lokCrp+9m5YdAEMFh500pfR3JgLcmZMwSHDpaXSKIEH1QCp60asDjxKoIKoxVg23Ictvgf2dk1c2HlH+wQ==

"@next/swc-linux-x64-gnu@13.1.7-canary.16":
  version "13.1.7-canary.16"
  resolved "https://registry.yarnpkg.com/@next/swc-linux-x64-gnu/-/swc-linux-x64-gnu-13.1.7-canary.16.tgz#5aada8de3a31d8157313dc668ee78e7c10925220"
  integrity sha512-//QuO4Wi2doOVCYxLhZKxTrimUZpH67pq6KrvrpoVx0bfSjeRv5wmafEUEIS8MuU8d2yVokeV2L1qrXCH6gdGw==

"@next/swc-linux-x64-musl@13.1.7-canary.16":
  version "13.1.7-canary.16"
  resolved "https://registry.yarnpkg.com/@next/swc-linux-x64-musl/-/swc-linux-x64-musl-13.1.7-canary.16.tgz#9491756cde1ab00cef8bf27a1555124fb8c0ff9d"
  integrity sha512-EfrTeP0KsCp3iJ7HA/6CgctgBLCPNmdea2E35wTEcmFOvaupbJQH4Mq/riheMin/beAJ2d41FaSjuUFIHWhbcA==

"@next/swc-win32-arm64-msvc@13.1.7-canary.16":
  version "13.1.7-canary.16"
  resolved "https://registry.yarnpkg.com/@next/swc-win32-arm64-msvc/-/swc-win32-arm64-msvc-13.1.7-canary.16.tgz#e0d229e6fc007889b21a57d7a5ca068500379be6"
  integrity sha512-SRKzoJVxGYh53KBZMpnciPCnYAkVwWyA84vLyNYGLxyy6beBx2vl0FcFQB0f5+c+/QFBZJ0CXLHAOtl1QVDcxQ==

"@next/swc-win32-ia32-msvc@13.1.7-canary.16":
  version "13.1.7-canary.16"
  resolved "https://registry.yarnpkg.com/@next/swc-win32-ia32-msvc/-/swc-win32-ia32-msvc-13.1.7-canary.16.tgz#b21d9e44c5ee46dac98cd71630dbf3c00a2c9766"
  integrity sha512-xlcjdaSjmhGN6SprUzPwpMlmOk+Sdt4bgc8wgQN3eq7kfp8B2GztKXPBVQNxXO6uwBr14wslMVqzk+cXR44gFQ==

"@next/swc-win32-x64-msvc@13.1.7-canary.16":
  version "13.1.7-canary.16"
  resolved "https://registry.yarnpkg.com/@next/swc-win32-x64-msvc/-/swc-win32-x64-msvc-13.1.7-canary.16.tgz#2d738c80939cfccd5c9e8c31d5eba863c425afb7"
  integrity sha512-KiLp924LRhfak97m4YXQK9C0WWquky3gpwqmbwGsOLxSzSkeza5IAXC72udSlRj6S2r2JjR2+1mh1utSZYT56Q==

"@swc/helpers@0.4.14":
  version "0.4.14"
  resolved "https://registry.npmjs.org/@swc/helpers/-/helpers-0.4.14.tgz"
  integrity sha512-4C7nX/dvpzB7za4Ql9K81xK3HPxCpHMgwTZVyf+9JQ6VUbn9jjZVN7/Nkdz/Ugzs2CSjqnL/UPXroiVBVHUWUw==
  dependencies:
    tslib "^2.4.0"

"@tanstack/query-core@4.24.6":
  version "4.24.6"
  resolved "https://registry.npmjs.org/@tanstack/query-core/-/query-core-4.24.6.tgz"
  integrity sha512-Tfru6YTDTCpX7dKVwHp/sosw/dNjEdzrncduUjIkQxn7n7u+74HT2ZrGtwwrU6Orws4x7zp3FKRqBPWVVhpx9w==

"@tanstack/react-query@^4.24.6":
  version "4.24.6"
  resolved "https://registry.npmjs.org/@tanstack/react-query/-/react-query-4.24.6.tgz"
  integrity sha512-pbJUVZCS4pcXS0kZiY+mVJ01ude0GrH5OXT2g9whcqSveRG/YVup/XdA9NdRpSMGkP2HxDRxxRNsTXkniWeIIA==
  dependencies:
    "@tanstack/query-core" "4.24.6"
    use-sync-external-store "^1.2.0"

"@types/node@18.7.9":
  version "18.7.9"
  resolved "https://registry.npmjs.org/@types/node/-/node-18.7.9.tgz"
  integrity sha512-0N5Y1XAdcl865nDdjbO0m3T6FdmQ4ijE89/urOHLREyTXbpMWbSafx9y7XIsgWGtwUP2iYTinLyyW3FatAxBLQ==

"@types/prop-types@*":
  version "15.7.5"
  resolved "https://registry.npmjs.org/@types/prop-types/-/prop-types-15.7.5.tgz"
  integrity sha512-JCB8C6SnDoQf0cNycqd/35A7MjcnK+ZTqE7judS6o7utxUCg6imJg3QK2qzHKszlTjcj2cn+NwMB2i96ubpj7w==

"@types/react@18.0.17":
  version "18.0.17"
  resolved "https://registry.npmjs.org/@types/react/-/react-18.0.17.tgz"
  integrity sha512-38ETy4tL+rn4uQQi7mB81G7V1g0u2ryquNmsVIOKUAEIDK+3CUjZ6rSRpdvS99dNBnkLFL83qfmtLacGOTIhwQ==
  dependencies:
    "@types/prop-types" "*"
    "@types/scheduler" "*"
    csstype "^3.0.2"

"@types/scheduler@*":
  version "0.16.2"
  resolved "https://registry.npmjs.org/@types/scheduler/-/scheduler-0.16.2.tgz"
  integrity sha512-hppQEBDmlwhFAXKJX2KnWLYu5yMfi91yazPb2l+lbJiwW+wdo1gNeRA+3RgNSO39WYX2euey41KEwnqesU2Jew==

asynckit@^0.4.0:
  version "0.4.0"
  resolved "https://registry.npmjs.org/asynckit/-/asynckit-0.4.0.tgz"
  integrity sha512-Oei9OH4tRh0YqU3GxhX79dM/mwVgvbZJaSNaRk+bshkj0S5cfHcgYakreBjrHwatXKbz+IoIdYLxrKim2MjW0Q==

axios@^1.3.3:
  version "1.3.3"
  resolved "https://registry.npmjs.org/axios/-/axios-1.3.3.tgz"
  integrity sha512-eYq77dYIFS77AQlhzEL937yUBSepBfPIe8FcgEDN35vMNZKMrs81pgnyrQpwfy4NF4b4XWX1Zgx7yX+25w8QJA==
  dependencies:
    follow-redirects "^1.15.0"
    form-data "^4.0.0"
    proxy-from-env "^1.1.0"

caniuse-lite@^1.0.30001406:
  version "1.0.30001454"
  resolved "https://registry.npmjs.org/caniuse-lite/-/caniuse-lite-1.0.30001454.tgz"
  integrity sha512-4E63M5TBbgDoA9dQoFRdjL6iAmzTrz3rwYWoKDlvnvyvBxjCZ0rrUoX3THhEMie0/RYuTCeMbeTYLGAWgnLwEg==

client-only@0.0.1:
  version "0.0.1"
  resolved "https://registry.npmjs.org/client-only/-/client-only-0.0.1.tgz"
  integrity sha512-IV3Ou0jSMzZrd3pZ48nLkT9DA7Ag1pnPzaiQhpW7c3RbcqqzvzzVu+L8gfqMp/8IM2MQtSiqaCxrrcfu8I8rMA==

combined-stream@^1.0.8:
  version "1.0.8"
  resolved "https://registry.npmjs.org/combined-stream/-/combined-stream-1.0.8.tgz"
  integrity sha512-FQN4MRfuJeHf7cBbBMJFXhKSDq+2kAArBlmRBvcvFE5BB1HZKXtSFASDhdlz9zOYwxh8lDdnvmMOe/+5cdoEdg==
  dependencies:
    delayed-stream "~1.0.0"

csstype@^3.0.2:
  version "3.1.1"
  resolved "https://registry.npmjs.org/csstype/-/csstype-3.1.1.tgz"
  integrity sha512-DJR/VvkAvSZW9bTouZue2sSxDwdTN92uHjqeKVm+0dAqdfNykRzQ95tay8aXMBAAPpUiq4Qcug2L7neoRh2Egw==

delayed-stream@~1.0.0:
  version "1.0.0"
  resolved "https://registry.npmjs.org/delayed-stream/-/delayed-stream-1.0.0.tgz"
  integrity sha512-ZySD7Nf91aLB0RxL4KGrKHBXl7Eds1DAmEdcoVawXnLD7SDhpNgtuII2aAkg7a7QS41jxPSZ17p4VdGnMHk3MQ==

follow-redirects@^1.15.0:
  version "1.15.2"
  resolved "https://registry.npmjs.org/follow-redirects/-/follow-redirects-1.15.2.tgz"
  integrity sha512-VQLG33o04KaQ8uYi2tVNbdrWp1QWxNNea+nmIB4EVM28v0hmP17z7aG1+wAkNzVq4KeXTq3221ye5qTJP91JwA==

form-data@^4.0.0:
  version "4.0.0"
  resolved "https://registry.npmjs.org/form-data/-/form-data-4.0.0.tgz"
  integrity sha512-ETEklSGi5t0QMZuiXoA/Q6vcnxcLQP5vdugSpuAyi6SVGi2clPPp+xgEhuMaHC+zGgn31Kd235W35f7Hykkaww==
  dependencies:
    asynckit "^0.4.0"
    combined-stream "^1.0.8"
    mime-types "^2.1.12"

"js-tokens@^3.0.0 || ^4.0.0":
  version "4.0.0"
  resolved "https://registry.npmjs.org/js-tokens/-/js-tokens-4.0.0.tgz"
  integrity sha512-RdJUflcE3cUzKiMqQgsCu06FPu9UdIJO0beYbPhHN4k6apgJtifcoCtT9bcxOpYBtpD2kCM6Sbzg4CausW/PKQ==

loose-envify@^1.1.0:
  version "1.4.0"
  resolved "https://registry.npmjs.org/loose-envify/-/loose-envify-1.4.0.tgz"
  integrity sha512-lyuxPGr/Wfhrlem2CL/UcnUc1zcqKAImBDzukY7Y5F/yQiNdko6+fRLevlw1HgMySw7f611UIY408EtxRSoK3Q==
  dependencies:
    js-tokens "^3.0.0 || ^4.0.0"

mime-db@1.52.0:
  version "1.52.0"
  resolved "https://registry.npmjs.org/mime-db/-/mime-db-1.52.0.tgz"
  integrity sha512-sPU4uV7dYlvtWJxwwxHD0PuihVNiE7TyAbQ5SWxDCB9mUYvOgroQOwYQQOKPJ8CIbE+1ETVlOoK1UC2nU3gYvg==

mime-types@^2.1.12:
  version "2.1.35"
  resolved "https://registry.npmjs.org/mime-types/-/mime-types-2.1.35.tgz"
  integrity sha512-ZDY+bPm5zTTF+YpCrAU9nK0UgICYPT0QtT1NZWFv4s++TNkcgVaT0g6+4R2uI4MjQjzysHB1zxuWL50hzaeXiw==
  dependencies:
    mime-db "1.52.0"

nanoid@^3.3.4:
  version "3.3.4"
  resolved "https://registry.npmjs.org/nanoid/-/nanoid-3.3.4.tgz"
  integrity sha512-MqBkQh/OHTS2egovRtLk45wEyNXwF+cokD+1YPf9u5VfJiRdAiRwB2froX5Co9Rh20xs4siNPm8naNotSD6RBw==

next@^13.1.7-canary.16:
  version "13.1.7-canary.16"
  resolved "https://registry.npmjs.org/next/-/next-13.1.7-canary.16.tgz"
  integrity sha512-4xN4u4YdmHPtHvQmJGb3h2g/gz9gtmHNSuML4gxgolG2nsWmFbP6HgzFhfZ3CQgufBTUaroacz6AQLCGahpQYA==
  dependencies:
    "@next/env" "13.1.7-canary.16"
    "@swc/helpers" "0.4.14"
    caniuse-lite "^1.0.30001406"
    postcss "8.4.14"
    styled-jsx "5.1.1"
  optionalDependencies:
    "@next/swc-android-arm-eabi" "13.1.7-canary.16"
    "@next/swc-android-arm64" "13.1.7-canary.16"
    "@next/swc-darwin-arm64" "13.1.7-canary.16"
    "@next/swc-darwin-x64" "13.1.7-canary.16"
    "@next/swc-freebsd-x64" "13.1.7-canary.16"
    "@next/swc-linux-arm-gnueabihf" "13.1.7-canary.16"
    "@next/swc-linux-arm64-gnu" "13.1.7-canary.16"
    "@next/swc-linux-arm64-musl" "13.1.7-canary.16"
    "@next/swc-linux-x64-gnu" "13.1.7-canary.16"
    "@next/swc-linux-x64-musl" "13.1.7-canary.16"
    "@next/swc-win32-arm64-msvc" "13.1.7-canary.16"
    "@next/swc-win32-ia32-msvc" "13.1.7-canary.16"
    "@next/swc-win32-x64-msvc" "13.1.7-canary.16"

picocolors@^1.0.0:
  version "1.0.0"
  resolved "https://registry.npmjs.org/picocolors/-/picocolors-1.0.0.tgz"
  integrity sha512-1fygroTLlHu66zi26VoTDv8yRgm0Fccecssto+MhsZ0D/DGW2sm8E8AjW7NU5VVTRt5GxbeZ5qBuJr+HyLYkjQ==

postcss@8.4.14:
  version "8.4.14"
  resolved "https://registry.npmjs.org/postcss/-/postcss-8.4.14.tgz"
  integrity sha512-E398TUmfAYFPBSdzgeieK2Y1+1cpdxJx8yXbK/m57nRhKSmk1GB2tO4lbLBtlkfPQTDKfe4Xqv1ASWPpayPEig==
  dependencies:
    nanoid "^3.3.4"
    picocolors "^1.0.0"
    source-map-js "^1.0.2"

proxy-from-env@^1.1.0:
  version "1.1.0"
  resolved "https://registry.npmjs.org/proxy-from-env/-/proxy-from-env-1.1.0.tgz"
  integrity sha512-D+zkORCbA9f1tdWRK0RaCR3GPv50cMxcrz4X8k5LTSUD1Dkw47mKJEZQNunItRTkWwgtaUSo1RVFRIG9ZXiFYg==

react-dom@^18.2.0:
  version "18.2.0"
  resolved "https://registry.npmjs.org/react-dom/-/react-dom-18.2.0.tgz"
  integrity sha512-6IMTriUmvsjHUjNtEDudZfuDQUoWXVxKHhlEGSk81n4YFS+r/Kl99wXiwlVXtPBtJenozv2P+hxDsw9eA7Xo6g==
  dependencies:
    loose-envify "^1.1.0"
    scheduler "^0.23.0"

react@^18.2.0:
  version "18.2.0"
  resolved "https://registry.npmjs.org/react/-/react-18.2.0.tgz"
  integrity sha512-/3IjMdb2L9QbBdWiW5e3P2/npwMBaU9mHCSCUzNln0ZCYbcfTsGbTJrU/kGemdH2IWmB2ioZ+zkxtmq6g09fGQ==
  dependencies:
    loose-envify "^1.1.0"

scheduler@^0.23.0:
  version "0.23.0"
  resolved "https://registry.npmjs.org/scheduler/-/scheduler-0.23.0.tgz"
  integrity sha512-CtuThmgHNg7zIZWAXi3AsyIzA3n4xx7aNyjwC2VJldO2LMVDhFK+63xGqq6CsJH4rTAt6/M+N4GhZiDYPx9eUw==
  dependencies:
    loose-envify "^1.1.0"

source-map-js@^1.0.2:
  version "1.0.2"
  resolved "https://registry.npmjs.org/source-map-js/-/source-map-js-1.0.2.tgz"
  integrity sha512-R0XvVJ9WusLiqTCEiGCmICCMplcCkIwwR11mOSD9CR5u+IXYdiseeEuXCVAjS54zqwkLcPNnmU4OeJ6tUrWhDw==

styled-jsx@5.1.1:
  version "5.1.1"
  resolved "https://registry.npmjs.org/styled-jsx/-/styled-jsx-5.1.1.tgz"
  integrity sha512-pW7uC1l4mBZ8ugbiZrcIsiIvVx1UmTfw7UkC3Um2tmfUq9Bhk8IiyEIPl6F8agHgjzku6j0xQEZbfA5uSgSaCw==
  dependencies:
    client-only "0.0.1"

tslib@^2.4.0:
  version "2.5.0"
  resolved "https://registry.npmjs.org/tslib/-/tslib-2.5.0.tgz"
  integrity sha512-336iVw3rtn2BUK7ORdIAHTyxHGRIHVReokCR3XjbckJMK7ms8FysBfhLR8IXnAgy7T0PTPNBWKiH514FOW/WSg==

typescript@4.7.4:
  version "4.7.4"
  resolved "https://registry.npmjs.org/typescript/-/typescript-4.7.4.tgz"
  integrity sha512-C0WQT0gezHuw6AdY1M2jxUO83Rjf0HP7Sk1DtXj6j1EwkQNZrHAg2XPWlq62oqEhYvONq5pkC2Y9oPljWToLmQ==

use-sync-external-store@^1.2.0:
  version "1.2.0"
  resolved "https://registry.npmjs.org/use-sync-external-store/-/use-sync-external-store-1.2.0.tgz"
  integrity sha512-eEgnFxGQ1Ife9bzYs6VLi8/4X6CObHMw9Qr9tPY43iKwsPw8xE8+EFsf/2cFZ5S3esXgpWgtSCtLNS41F+sKPA==
